// !$*UTF8*$!
{
	archiveVersion = 1;
	classes = {
	};
	objectVersion = 56;
	objects = {

/* Begin PBXBuildFile section */
		181A78AC2BA4C05300CBCA08 /* TodoListApp.swift in Sources */ = {isa = PBXBuildFile; fileRef = 181A78AB2BA4C05300CBCA08 /* TodoListApp.swift */; };
		181A78AE2BA4C05300CBCA08 /* ContentView.swift in Sources */ = {isa = PBXBuildFile; fileRef = 181A78AD2BA4C05300CBCA08 /* ContentView.swift */; };
		181A78B02BA4C05600CBCA08 /* Assets.xcassets in Resources */ = {isa = PBXBuildFile; fileRef = 181A78AF2BA4C05600CBCA08 /* Assets.xcassets */; };
		181A78B32BA4C05600CBCA08 /* Preview Assets.xcassets in Resources */ = {isa = PBXBuildFile; fileRef = 181A78B22BA4C05600CBCA08 /* Preview Assets.xcassets */; };
		181A78BD2BA4C05800CBCA08 /* TodoListTests.swift in Sources */ = {isa = PBXBuildFile; fileRef = 181A78BC2BA4C05800CBCA08 /* TodoListTests.swift */; };
		181A78C72BA4C05800CBCA08 /* TodoListUITests.swift in Sources */ = {isa = PBXBuildFile; fileRef = 181A78C62BA4C05800CBCA08 /* TodoListUITests.swift */; };
		181A78C92BA4C05800CBCA08 /* TodoListUITestsLaunchTests.swift in Sources */ = {isa = PBXBuildFile; fileRef = 181A78C82BA4C05800CBCA08 /* TodoListUITestsLaunchTests.swift */; };
		181A78D92BA4DEB200CBCA08 /* Reminder.swift in Sources */ = {isa = PBXBuildFile; fileRef = 181A78D82BA4DEB200CBCA08 /* Reminder.swift */; };
		181A78DB2BA4DF3A00CBCA08 /* ReminderList.swift in Sources */ = {isa = PBXBuildFile; fileRef = 181A78DA2BA4DF3A00CBCA08 /* ReminderList.swift */; };
		181A78E12BA4E12E00CBCA08 /* HomeView.swift in Sources */ = {isa = PBXBuildFile; fileRef = 181A78E02BA4E12E00CBCA08 /* HomeView.swift */; };
		181A78E32BA4E3E000CBCA08 /* ListCardView.swift in Sources */ = {isa = PBXBuildFile; fileRef = 181A78E22BA4E3E000CBCA08 /* ListCardView.swift */; };
		181A78E52BA4E8A600CBCA08 /* CreateSectionView.swift in Sources */ = {isa = PBXBuildFile; fileRef = 181A78E42BA4E8A600CBCA08 /* CreateSectionView.swift */; };
		181A78E72BA4E9D500CBCA08 /* ReminderListRowView.swift in Sources */ = {isa = PBXBuildFile; fileRef = 181A78E62BA4E9D500CBCA08 /* ReminderListRowView.swift */; };
		7F8621032BA51EF600168A59 /* ReminderListView.swift in Sources */ = {isa = PBXBuildFile; fileRef = 7F8621022BA51EF600168A59 /* ReminderListView.swift */; };
		7F8621052BA51F8B00168A59 /* ReminderRowView.swift in Sources */ = {isa = PBXBuildFile; fileRef = 7F8621042BA51F8B00168A59 /* ReminderRowView.swift */; };
/* End PBXBuildFile section */

/* Begin PBXContainerItemProxy section */
		181A78B92BA4C05800CBCA08 /* PBXContainerItemProxy */ = {
			isa = PBXContainerItemProxy;
			containerPortal = 181A78A02BA4C05300CBCA08 /* Project object */;
			proxyType = 1;
			remoteGlobalIDString = 181A78A72BA4C05300CBCA08;
			remoteInfo = TodoList;
		};
		181A78C32BA4C05800CBCA08 /* PBXContainerItemProxy */ = {
			isa = PBXContainerItemProxy;
			containerPortal = 181A78A02BA4C05300CBCA08 /* Project object */;
			proxyType = 1;
			remoteGlobalIDString = 181A78A72BA4C05300CBCA08;
			remoteInfo = TodoList;
		};
/* End PBXContainerItemProxy section */

/* Begin PBXFileReference section */
		181A78A82BA4C05300CBCA08 /* TodoList.app */ = {isa = PBXFileReference; explicitFileType = wrapper.application; includeInIndex = 0; path = TodoList.app; sourceTree = BUILT_PRODUCTS_DIR; };
		181A78AB2BA4C05300CBCA08 /* TodoListApp.swift */ = {isa = PBXFileReference; lastKnownFileType = sourcecode.swift; path = TodoListApp.swift; sourceTree = "<group>"; };
		181A78AD2BA4C05300CBCA08 /* ContentView.swift */ = {isa = PBXFileReference; lastKnownFileType = sourcecode.swift; path = ContentView.swift; sourceTree = "<group>"; };
		181A78AF2BA4C05600CBCA08 /* Assets.xcassets */ = {isa = PBXFileReference; lastKnownFileType = folder.assetcatalog; path = Assets.xcassets; sourceTree = "<group>"; };
		181A78B22BA4C05600CBCA08 /* Preview Assets.xcassets */ = {isa = PBXFileReference; lastKnownFileType = folder.assetcatalog; path = "Preview Assets.xcassets"; sourceTree = "<group>"; };
		181A78B82BA4C05800CBCA08 /* TodoListTests.xctest */ = {isa = PBXFileReference; explicitFileType = wrapper.cfbundle; includeInIndex = 0; path = TodoListTests.xctest; sourceTree = BUILT_PRODUCTS_DIR; };
		181A78BC2BA4C05800CBCA08 /* TodoListTests.swift */ = {isa = PBXFileReference; lastKnownFileType = sourcecode.swift; path = TodoListTests.swift; sourceTree = "<group>"; };
		181A78C22BA4C05800CBCA08 /* TodoListUITests.xctest */ = {isa = PBXFileReference; explicitFileType = wrapper.cfbundle; includeInIndex = 0; path = TodoListUITests.xctest; sourceTree = BUILT_PRODUCTS_DIR; };
		181A78C62BA4C05800CBCA08 /* TodoListUITests.swift */ = {isa = PBXFileReference; lastKnownFileType = sourcecode.swift; path = TodoListUITests.swift; sourceTree = "<group>"; };
		181A78C82BA4C05800CBCA08 /* TodoListUITestsLaunchTests.swift */ = {isa = PBXFileReference; lastKnownFileType = sourcecode.swift; path = TodoListUITestsLaunchTests.swift; sourceTree = "<group>"; };
		181A78D82BA4DEB200CBCA08 /* Reminder.swift */ = {isa = PBXFileReference; lastKnownFileType = sourcecode.swift; path = Reminder.swift; sourceTree = "<group>"; };
		181A78DA2BA4DF3A00CBCA08 /* ReminderList.swift */ = {isa = PBXFileReference; lastKnownFileType = sourcecode.swift; path = ReminderList.swift; sourceTree = "<group>"; };
		181A78E02BA4E12E00CBCA08 /* HomeView.swift */ = {isa = PBXFileReference; lastKnownFileType = sourcecode.swift; path = HomeView.swift; sourceTree = "<group>"; };
		181A78E22BA4E3E000CBCA08 /* ListCardView.swift */ = {isa = PBXFileReference; lastKnownFileType = sourcecode.swift; path = ListCardView.swift; sourceTree = "<group>"; };
		181A78E42BA4E8A600CBCA08 /* CreateSectionView.swift */ = {isa = PBXFileReference; lastKnownFileType = sourcecode.swift; path = CreateSectionView.swift; sourceTree = "<group>"; };
		181A78E62BA4E9D500CBCA08 /* ReminderListRowView.swift */ = {isa = PBXFileReference; lastKnownFileType = sourcecode.swift; path = ReminderListRowView.swift; sourceTree = "<group>"; };
		7F8621022BA51EF600168A59 /* ReminderListView.swift */ = {isa = PBXFileReference; lastKnownFileType = sourcecode.swift; path = ReminderListView.swift; sourceTree = "<group>"; };
		7F8621042BA51F8B00168A59 /* ReminderRowView.swift */ = {isa = PBXFileReference; lastKnownFileType = sourcecode.swift; path = ReminderRowView.swift; sourceTree = "<group>"; };
/* End PBXFileReference section */

/* Begin PBXFrameworksBuildPhase section */
		181A78A52BA4C05300CBCA08 /* Frameworks */ = {
			isa = PBXFrameworksBuildPhase;
			buildActionMask = 2147483647;
			files = (
			);
			runOnlyForDeploymentPostprocessing = 0;
		};
		181A78B52BA4C05800CBCA08 /* Frameworks */ = {
			isa = PBXFrameworksBuildPhase;
			buildActionMask = 2147483647;
			files = (
			);
			runOnlyForDeploymentPostprocessing = 0;
		};
		181A78BF2BA4C05800CBCA08 /* Frameworks */ = {
			isa = PBXFrameworksBuildPhase;
			buildActionMask = 2147483647;
			files = (
			);
			runOnlyForDeploymentPostprocessing = 0;
		};
/* End PBXFrameworksBuildPhase section */

/* Begin PBXGroup section */
		181A789F2BA4C05300CBCA08 = {
			isa = PBXGroup;
			children = (
				181A78AA2BA4C05300CBCA08 /* TodoList */,
				181A78BB2BA4C05800CBCA08 /* TodoListTests */,
				181A78C52BA4C05800CBCA08 /* TodoListUITests */,
				181A78A92BA4C05300CBCA08 /* Products */,
			);
			sourceTree = "<group>";
		};
		181A78A92BA4C05300CBCA08 /* Products */ = {
			isa = PBXGroup;
			children = (
				181A78A82BA4C05300CBCA08 /* TodoList.app */,
				181A78B82BA4C05800CBCA08 /* TodoListTests.xctest */,
				181A78C22BA4C05800CBCA08 /* TodoListUITests.xctest */,
			);
			name = Products;
			sourceTree = "<group>";
		};
		181A78AA2BA4C05300CBCA08 /* TodoList */ = {
			isa = PBXGroup;
			children = (
				181A78D72BA4DE2C00CBCA08 /* Model */,
				181A78D52BA4DDF200CBCA08 /* View */,
				181A78AB2BA4C05300CBCA08 /* TodoListApp.swift */,
				181A78AD2BA4C05300CBCA08 /* ContentView.swift */,
				181A78AF2BA4C05600CBCA08 /* Assets.xcassets */,
				181A78B12BA4C05600CBCA08 /* Preview Content */,
			);
			path = TodoList;
			sourceTree = "<group>";
		};
		181A78B12BA4C05600CBCA08 /* Preview Content */ = {
			isa = PBXGroup;
			children = (
				181A78B22BA4C05600CBCA08 /* Preview Assets.xcassets */,
			);
			path = "Preview Content";
			sourceTree = "<group>";
		};
		181A78BB2BA4C05800CBCA08 /* TodoListTests */ = {
			isa = PBXGroup;
			children = (
				181A78BC2BA4C05800CBCA08 /* TodoListTests.swift */,
			);
			path = TodoListTests;
			sourceTree = "<group>";
		};
		181A78C52BA4C05800CBCA08 /* TodoListUITests */ = {
			isa = PBXGroup;
			children = (
				181A78C62BA4C05800CBCA08 /* TodoListUITests.swift */,
				181A78C82BA4C05800CBCA08 /* TodoListUITestsLaunchTests.swift */,
			);
			path = TodoListUITests;
			sourceTree = "<group>";
		};
		181A78D52BA4DDF200CBCA08 /* View */ = {
			isa = PBXGroup;
			children = (
				7F8621012BA51EDE00168A59 /* Reminder */,
				181A78DC2BA4E0EA00CBCA08 /* Home */,
			);
			path = View;
			sourceTree = "<group>";
		};
		181A78D72BA4DE2C00CBCA08 /* Model */ = {
			isa = PBXGroup;
			children = (
				181A78D82BA4DEB200CBCA08 /* Reminder.swift */,
				181A78DA2BA4DF3A00CBCA08 /* ReminderList.swift */,
			);
			path = Model;
			sourceTree = "<group>";
		};
		181A78DC2BA4E0EA00CBCA08 /* Home */ = {
			isa = PBXGroup;
			children = (
				181A78E02BA4E12E00CBCA08 /* HomeView.swift */,
				181A78E22BA4E3E000CBCA08 /* ListCardView.swift */,
				181A78E42BA4E8A600CBCA08 /* CreateSectionView.swift */,
				181A78E62BA4E9D500CBCA08 /* ReminderListRowView.swift */,
			);
			path = Home;
			sourceTree = "<group>";
		};
		7F8621012BA51EDE00168A59 /* Reminder */ = {
			isa = PBXGroup;
			children = (
				7F8621022BA51EF600168A59 /* ReminderListView.swift */,
				7F8621042BA51F8B00168A59 /* ReminderRowView.swift */,
			);
			path = Reminder;
			sourceTree = "<group>";
		};
/* End PBXGroup section */

/* Begin PBXNativeTarget section */
		181A78A72BA4C05300CBCA08 /* TodoList */ = {
			isa = PBXNativeTarget;
			buildConfigurationList = 181A78CC2BA4C05800CBCA08 /* Build configuration list for PBXNativeTarget "TodoList" */;
			buildPhases = (
				181A78A42BA4C05300CBCA08 /* Sources */,
				181A78A52BA4C05300CBCA08 /* Frameworks */,
				181A78A62BA4C05300CBCA08 /* Resources */,
			);
			buildRules = (
			);
			dependencies = (
			);
			name = TodoList;
			productName = TodoList;
			productReference = 181A78A82BA4C05300CBCA08 /* TodoList.app */;
			productType = "com.apple.product-type.application";
		};
		181A78B72BA4C05800CBCA08 /* TodoListTests */ = {
			isa = PBXNativeTarget;
			buildConfigurationList = 181A78CF2BA4C05800CBCA08 /* Build configuration list for PBXNativeTarget "TodoListTests" */;
			buildPhases = (
				181A78B42BA4C05800CBCA08 /* Sources */,
				181A78B52BA4C05800CBCA08 /* Frameworks */,
				181A78B62BA4C05800CBCA08 /* Resources */,
			);
			buildRules = (
			);
			dependencies = (
				181A78BA2BA4C05800CBCA08 /* PBXTargetDependency */,
			);
			name = TodoListTests;
			productName = TodoListTests;
			productReference = 181A78B82BA4C05800CBCA08 /* TodoListTests.xctest */;
			productType = "com.apple.product-type.bundle.unit-test";
		};
		181A78C12BA4C05800CBCA08 /* TodoListUITests */ = {
			isa = PBXNativeTarget;
			buildConfigurationList = 181A78D22BA4C05800CBCA08 /* Build configuration list for PBXNativeTarget "TodoListUITests" */;
			buildPhases = (
				181A78BE2BA4C05800CBCA08 /* Sources */,
				181A78BF2BA4C05800CBCA08 /* Frameworks */,
				181A78C02BA4C05800CBCA08 /* Resources */,
			);
			buildRules = (
			);
			dependencies = (
				181A78C42BA4C05800CBCA08 /* PBXTargetDependency */,
			);
			name = TodoListUITests;
			productName = TodoListUITests;
			productReference = 181A78C22BA4C05800CBCA08 /* TodoListUITests.xctest */;
			productType = "com.apple.product-type.bundle.ui-testing";
		};
/* End PBXNativeTarget section */

/* Begin PBXProject section */
		181A78A02BA4C05300CBCA08 /* Project object */ = {
			isa = PBXProject;
			attributes = {
				BuildIndependentTargetsInParallel = 1;
				LastSwiftUpdateCheck = 1530;
				LastUpgradeCheck = 1530;
				TargetAttributes = {
					181A78A72BA4C05300CBCA08 = {
						CreatedOnToolsVersion = 15.3;
					};
					181A78B72BA4C05800CBCA08 = {
						CreatedOnToolsVersion = 15.3;
						TestTargetID = 181A78A72BA4C05300CBCA08;
					};
					181A78C12BA4C05800CBCA08 = {
						CreatedOnToolsVersion = 15.3;
						TestTargetID = 181A78A72BA4C05300CBCA08;
					};
				};
			};
			buildConfigurationList = 181A78A32BA4C05300CBCA08 /* Build configuration list for PBXProject "TodoList" */;
			compatibilityVersion = "Xcode 14.0";
			developmentRegion = en;
			hasScannedForEncodings = 0;
			knownRegions = (
				en,
				Base,
			);
			mainGroup = 181A789F2BA4C05300CBCA08;
			productRefGroup = 181A78A92BA4C05300CBCA08 /* Products */;
			projectDirPath = "";
			projectRoot = "";
			targets = (
				181A78A72BA4C05300CBCA08 /* TodoList */,
				181A78B72BA4C05800CBCA08 /* TodoListTests */,
				181A78C12BA4C05800CBCA08 /* TodoListUITests */,
			);
		};
/* End PBXProject section */

/* Begin PBXResourcesBuildPhase section */
		181A78A62BA4C05300CBCA08 /* Resources */ = {
			isa = PBXResourcesBuildPhase;
			buildActionMask = 2147483647;
			files = (
				181A78B32BA4C05600CBCA08 /* Preview Assets.xcassets in Resources */,
				181A78B02BA4C05600CBCA08 /* Assets.xcassets in Resources */,
			);
			runOnlyForDeploymentPostprocessing = 0;
		};
		181A78B62BA4C05800CBCA08 /* Resources */ = {
			isa = PBXResourcesBuildPhase;
			buildActionMask = 2147483647;
			files = (
			);
			runOnlyForDeploymentPostprocessing = 0;
		};
		181A78C02BA4C05800CBCA08 /* Resources */ = {
			isa = PBXResourcesBuildPhase;
			buildActionMask = 2147483647;
			files = (
			);
			runOnlyForDeploymentPostprocessing = 0;
		};
/* End PBXResourcesBuildPhase section */

/* Begin PBXSourcesBuildPhase section */
		181A78A42BA4C05300CBCA08 /* Sources */ = {
			isa = PBXSourcesBuildPhase;
			buildActionMask = 2147483647;
			files = (
				7F8621032BA51EF600168A59 /* ReminderListView.swift in Sources */,
				181A78D92BA4DEB200CBCA08 /* Reminder.swift in Sources */,
				181A78E72BA4E9D500CBCA08 /* ReminderListRowView.swift in Sources */,
				7F8621052BA51F8B00168A59 /* ReminderRowView.swift in Sources */,
				181A78AE2BA4C05300CBCA08 /* ContentView.swift in Sources */,
				181A78AC2BA4C05300CBCA08 /* TodoListApp.swift in Sources */,
				181A78E52BA4E8A600CBCA08 /* CreateSectionView.swift in Sources */,
				181A78E12BA4E12E00CBCA08 /* HomeView.swift in Sources */,
				181A78E32BA4E3E000CBCA08 /* ListCardView.swift in Sources */,
				181A78DB2BA4DF3A00CBCA08 /* ReminderList.swift in Sources */,
			);
			runOnlyForDeploymentPostprocessing = 0;
		};
		181A78B42BA4C05800CBCA08 /* Sources */ = {
			isa = PBXSourcesBuildPhase;
			buildActionMask = 2147483647;
			files = (
				181A78BD2BA4C05800CBCA08 /* TodoListTests.swift in Sources */,
			);
			runOnlyForDeploymentPostprocessing = 0;
		};
		181A78BE2BA4C05800CBCA08 /* Sources */ = {
			isa = PBXSourcesBuildPhase;
			buildActionMask = 2147483647;
			files = (
				181A78C92BA4C05800CBCA08 /* TodoListUITestsLaunchTests.swift in Sources */,
				181A78C72BA4C05800CBCA08 /* TodoListUITests.swift in Sources */,
			);
			runOnlyForDeploymentPostprocessing = 0;
		};
/* End PBXSourcesBuildPhase section */

/* Begin PBXTargetDependency section */
		181A78BA2BA4C05800CBCA08 /* PBXTargetDependency */ = {
			isa = PBXTargetDependency;
			target = 181A78A72BA4C05300CBCA08 /* TodoList */;
			targetProxy = 181A78B92BA4C05800CBCA08 /* PBXContainerItemProxy */;
		};
		181A78C42BA4C05800CBCA08 /* PBXTargetDependency */ = {
			isa = PBXTargetDependency;
			target = 181A78A72BA4C05300CBCA08 /* TodoList */;
			targetProxy = 181A78C32BA4C05800CBCA08 /* PBXContainerItemProxy */;
		};
/* End PBXTargetDependency section */

/* Begin XCBuildConfiguration section */
		181A78CA2BA4C05800CBCA08 /* Debug */ = {
			isa = XCBuildConfiguration;
			buildSettings = {
				ALWAYS_SEARCH_USER_PATHS = NO;
				ASSETCATALOG_COMPILER_GENERATE_SWIFT_ASSET_SYMBOL_EXTENSIONS = YES;
				CLANG_ANALYZER_NONNULL = YES;
				CLANG_ANALYZER_NUMBER_OBJECT_CONVERSION = YES_AGGRESSIVE;
				CLANG_CXX_LANGUAGE_STANDARD = "gnu++20";
				CLANG_ENABLE_MODULES = YES;
				CLANG_ENABLE_OBJC_ARC = YES;
				CLANG_ENABLE_OBJC_WEAK = YES;
				CLANG_WARN_BLOCK_CAPTURE_AUTORELEASING = YES;
				CLANG_WARN_BOOL_CONVERSION = YES;
				CLANG_WARN_COMMA = YES;
				CLANG_WARN_CONSTANT_CONVERSION = YES;
				CLANG_WARN_DEPRECATED_OBJC_IMPLEMENTATIONS = YES;
				CLANG_WARN_DIRECT_OBJC_ISA_USAGE = YES_ERROR;
				CLANG_WARN_DOCUMENTATION_COMMENTS = YES;
				CLANG_WARN_EMPTY_BODY = YES;
				CLANG_WARN_ENUM_CONVERSION = YES;
				CLANG_WARN_INFINITE_RECURSION = YES;
				CLANG_WARN_INT_CONVERSION = YES;
				CLANG_WARN_NON_LITERAL_NULL_CONVERSION = YES;
				CLANG_WARN_OBJC_IMPLICIT_RETAIN_SELF = YES;
				CLANG_WARN_OBJC_LITERAL_CONVERSION = YES;
				CLANG_WARN_OBJC_ROOT_CLASS = YES_ERROR;
				CLANG_WARN_QUOTED_INCLUDE_IN_FRAMEWORK_HEADER = YES;
				CLANG_WARN_RANGE_LOOP_ANALYSIS = YES;
				CLANG_WARN_STRICT_PROTOTYPES = YES;
				CLANG_WARN_SUSPICIOUS_MOVE = YES;
				CLANG_WARN_UNGUARDED_AVAILABILITY = YES_AGGRESSIVE;
				CLANG_WARN_UNREACHABLE_CODE = YES;
				CLANG_WARN__DUPLICATE_METHOD_MATCH = YES;
				COPY_PHASE_STRIP = NO;
				DEBUG_INFORMATION_FORMAT = dwarf;
				ENABLE_STRICT_OBJC_MSGSEND = YES;
				ENABLE_TESTABILITY = YES;
				ENABLE_USER_SCRIPT_SANDBOXING = YES;
				GCC_C_LANGUAGE_STANDARD = gnu17;
				GCC_DYNAMIC_NO_PIC = NO;
				GCC_NO_COMMON_BLOCKS = YES;
				GCC_OPTIMIZATION_LEVEL = 0;
				GCC_PREPROCESSOR_DEFINITIONS = (
					"DEBUG=1",
					"$(inherited)",
				);
				GCC_WARN_64_TO_32_BIT_CONVERSION = YES;
				GCC_WARN_ABOUT_RETURN_TYPE = YES_ERROR;
				GCC_WARN_UNDECLARED_SELECTOR = YES;
				GCC_WARN_UNINITIALIZED_AUTOS = YES_AGGRESSIVE;
				GCC_WARN_UNUSED_FUNCTION = YES;
				GCC_WARN_UNUSED_VARIABLE = YES;
				IPHONEOS_DEPLOYMENT_TARGET = 17.4;
				LOCALIZATION_PREFERS_STRING_CATALOGS = YES;
				MTL_ENABLE_DEBUG_INFO = INCLUDE_SOURCE;
				MTL_FAST_MATH = YES;
				ONLY_ACTIVE_ARCH = YES;
				SDKROOT = iphoneos;
				SWIFT_ACTIVE_COMPILATION_CONDITIONS = "DEBUG $(inherited)";
				SWIFT_OPTIMIZATION_LEVEL = "-Onone";
			};
			name = Debug;
		};
		181A78CB2BA4C05800CBCA08 /* Release */ = {
			isa = XCBuildConfiguration;
			buildSettings = {
				ALWAYS_SEARCH_USER_PATHS = NO;
				ASSETCATALOG_COMPILER_GENERATE_SWIFT_ASSET_SYMBOL_EXTENSIONS = YES;
				CLANG_ANALYZER_NONNULL = YES;
				CLANG_ANALYZER_NUMBER_OBJECT_CONVERSION = YES_AGGRESSIVE;
				CLANG_CXX_LANGUAGE_STANDARD = "gnu++20";
				CLANG_ENABLE_MODULES = YES;
				CLANG_ENABLE_OBJC_ARC = YES;
				CLANG_ENABLE_OBJC_WEAK = YES;
				CLANG_WARN_BLOCK_CAPTURE_AUTORELEASING = YES;
				CLANG_WARN_BOOL_CONVERSION = YES;
				CLANG_WARN_COMMA = YES;
				CLANG_WARN_CONSTANT_CONVERSION = YES;
				CLANG_WARN_DEPRECATED_OBJC_IMPLEMENTATIONS = YES;
				CLANG_WARN_DIRECT_OBJC_ISA_USAGE = YES_ERROR;
				CLANG_WARN_DOCUMENTATION_COMMENTS = YES;
				CLANG_WARN_EMPTY_BODY = YES;
				CLANG_WARN_ENUM_CONVERSION = YES;
				CLANG_WARN_INFINITE_RECURSION = YES;
				CLANG_WARN_INT_CONVERSION = YES;
				CLANG_WARN_NON_LITERAL_NULL_CONVERSION = YES;
				CLANG_WARN_OBJC_IMPLICIT_RETAIN_SELF = YES;
				CLANG_WARN_OBJC_LITERAL_CONVERSION = YES;
				CLANG_WARN_OBJC_ROOT_CLASS = YES_ERROR;
				CLANG_WARN_QUOTED_INCLUDE_IN_FRAMEWORK_HEADER = YES;
				CLANG_WARN_RANGE_LOOP_ANALYSIS = YES;
				CLANG_WARN_STRICT_PROTOTYPES = YES;
				CLANG_WARN_SUSPICIOUS_MOVE = YES;
				CLANG_WARN_UNGUARDED_AVAILABILITY = YES_AGGRESSIVE;
				CLANG_WARN_UNREACHABLE_CODE = YES;
				CLANG_WARN__DUPLICATE_METHOD_MATCH = YES;
				COPY_PHASE_STRIP = NO;
				DEBUG_INFORMATION_FORMAT = "dwarf-with-dsym";
				ENABLE_NS_ASSERTIONS = NO;
				ENABLE_STRICT_OBJC_MSGSEND = YES;
				ENABLE_USER_SCRIPT_SANDBOXING = YES;
				GCC_C_LANGUAGE_STANDARD = gnu17;
				GCC_NO_COMMON_BLOCKS = YES;
				GCC_WARN_64_TO_32_BIT_CONVERSION = YES;
				GCC_WARN_ABOUT_RETURN_TYPE = YES_ERROR;
				GCC_WARN_UNDECLARED_SELECTOR = YES;
				GCC_WARN_UNINITIALIZED_AUTOS = YES_AGGRESSIVE;
				GCC_WARN_UNUSED_FUNCTION = YES;
				GCC_WARN_UNUSED_VARIABLE = YES;
				IPHONEOS_DEPLOYMENT_TARGET = 17.4;
				LOCALIZATION_PREFERS_STRING_CATALOGS = YES;
				MTL_ENABLE_DEBUG_INFO = NO;
				MTL_FAST_MATH = YES;
				SDKROOT = iphoneos;
				SWIFT_COMPILATION_MODE = wholemodule;
				VALIDATE_PRODUCT = YES;
			};
			name = Release;
		};
		181A78CD2BA4C05800CBCA08 /* Debug */ = {
			isa = XCBuildConfiguration;
			buildSettings = {
				ASSETCATALOG_COMPILER_APPICON_NAME = AppIcon;
				ASSETCATALOG_COMPILER_GLOBAL_ACCENT_COLOR_NAME = AccentColor;
				CODE_SIGN_STYLE = Automatic;
				CURRENT_PROJECT_VERSION = 1;
				DEVELOPMENT_ASSET_PATHS = "\"TodoList/Preview Content\"";
				DEVELOPMENT_TEAM = CGTLM6FMRJ;
				ENABLE_PREVIEWS = YES;
				GENERATE_INFOPLIST_FILE = YES;
				INFOPLIST_KEY_UIApplicationSceneManifest_Generation = YES;
				INFOPLIST_KEY_UIApplicationSupportsIndirectInputEvents = YES;
				INFOPLIST_KEY_UILaunchScreen_Generation = YES;
				INFOPLIST_KEY_UISupportedInterfaceOrientations_iPad = "UIInterfaceOrientationPortrait UIInterfaceOrientationPortraitUpsideDown UIInterfaceOrientationLandscapeLeft UIInterfaceOrientationLandscapeRight";
				INFOPLIST_KEY_UISupportedInterfaceOrientations_iPhone = "UIInterfaceOrientationPortrait UIInterfaceOrientationLandscapeLeft UIInterfaceOrientationLandscapeRight";
				LD_RUNPATH_SEARCH_PATHS = (
					"$(inherited)",
					"@executable_path/Frameworks",
				);
				MARKETING_VERSION = 1.0;
				PRODUCT_BUNDLE_IDENTIFIER = lucaslopes.TodoList;
				PRODUCT_NAME = "$(TARGET_NAME)";
				SWIFT_EMIT_LOC_STRINGS = YES;
				SWIFT_VERSION = 5.0;
				TARGETED_DEVICE_FAMILY = "1,2";
			};
			name = Debug;
		};
		181A78CE2BA4C05800CBCA08 /* Release */ = {
			isa = XCBuildConfiguration;
			buildSettings = {
				ASSETCATALOG_COMPILER_APPICON_NAME = AppIcon;
				ASSETCATALOG_COMPILER_GLOBAL_ACCENT_COLOR_NAME = AccentColor;
				CODE_SIGN_STYLE = Automatic;
				CURRENT_PROJECT_VERSION = 1;
				DEVELOPMENT_ASSET_PATHS = "\"TodoList/Preview Content\"";
				DEVELOPMENT_TEAM = CGTLM6FMRJ;
				ENABLE_PREVIEWS = YES;
				GENERATE_INFOPLIST_FILE = YES;
				INFOPLIST_KEY_UIApplicationSceneManifest_Generation = YES;
				INFOPLIST_KEY_UIApplicationSupportsIndirectInputEvents = YES;
				INFOPLIST_KEY_UILaunchScreen_Generation = YES;
				INFOPLIST_KEY_UISupportedInterfaceOrientations_iPad = "UIInterfaceOrientationPortrait UIInterfaceOrientationPortraitUpsideDown UIInterfaceOrientationLandscapeLeft UIInterfaceOrientationLandscapeRight";
				INFOPLIST_KEY_UISupportedInterfaceOrientations_iPhone = "UIInterfaceOrientationPortrait UIInterfaceOrientationLandscapeLeft UIInterfaceOrientationLandscapeRight";
				LD_RUNPATH_SEARCH_PATHS = (
					"$(inherited)",
					"@executable_path/Frameworks",
				);
				MARKETING_VERSION = 1.0;
				PRODUCT_BUNDLE_IDENTIFIER = lucaslopes.TodoList;
				PRODUCT_NAME = "$(TARGET_NAME)";
				SWIFT_EMIT_LOC_STRINGS = YES;
				SWIFT_VERSION = 5.0;
				TARGETED_DEVICE_FAMILY = "1,2";
			};
			name = Release;
		};
		181A78D02BA4C05800CBCA08 /* Debug */ = {
			isa = XCBuildConfiguration;
			buildSettings = {
				ALWAYS_EMBED_SWIFT_STANDARD_LIBRARIES = YES;
				BUNDLE_LOADER = "$(TEST_HOST)";
				CODE_SIGN_STYLE = Automatic;
				CURRENT_PROJECT_VERSION = 1;
				DEVELOPMENT_TEAM = CGTLM6FMRJ;
				GENERATE_INFOPLIST_FILE = YES;
				IPHONEOS_DEPLOYMENT_TARGET = 17.4;
				MARKETING_VERSION = 1.0;
				PRODUCT_BUNDLE_IDENTIFIER = lucaslopes.TodoListTests;
				PRODUCT_NAME = "$(TARGET_NAME)";
				SWIFT_EMIT_LOC_STRINGS = NO;
				SWIFT_VERSION = 5.0;
				TARGETED_DEVICE_FAMILY = "1,2";
				TEST_HOST = "$(BUILT_PRODUCTS_DIR)/TodoList.app/$(BUNDLE_EXECUTABLE_FOLDER_PATH)/TodoList";
			};
			name = Debug;
		};
		181A78D12BA4C05800CBCA08 /* Release */ = {
			isa = XCBuildConfiguration;
			buildSettings = {
				ALWAYS_EMBED_SWIFT_STANDARD_LIBRARIES = YES;
				BUNDLE_LOADER = "$(TEST_HOST)";
				CODE_SIGN_STYLE = Automatic;
				CURRENT_PROJECT_VERSION = 1;
				DEVELOPMENT_TEAM = CGTLM6FMRJ;
				GENERATE_INFOPLIST_FILE = YES;
				IPHONEOS_DEPLOYMENT_TARGET = 17.4;
				MARKETING_VERSION = 1.0;
				PRODUCT_BUNDLE_IDENTIFIER = lucaslopes.TodoListTests;
				PRODUCT_NAME = "$(TARGET_NAME)";
				SWIFT_EMIT_LOC_STRINGS = NO;
				SWIFT_VERSION = 5.0;
				TARGETED_DEVICE_FAMILY = "1,2";
				TEST_HOST = "$(BUILT_PRODUCTS_DIR)/TodoList.app/$(BUNDLE_EXECUTABLE_FOLDER_PATH)/TodoList";
			};
			name = Release;
		};
		181A78D32BA4C05800CBCA08 /* Debug */ = {
			isa = XCBuildConfiguration;
			buildSettings = {
				ALWAYS_EMBED_SWIFT_STANDARD_LIBRARIES = YES;
				CODE_SIGN_STYLE = Automatic;
				CURRENT_PROJECT_VERSION = 1;
				DEVELOPMENT_TEAM = CGTLM6FMRJ;
				GENERATE_INFOPLIST_FILE = YES;
				MARKETING_VERSION = 1.0;
				PRODUCT_BUNDLE_IDENTIFIER = lucaslopes.TodoListUITests;
				PRODUCT_NAME = "$(TARGET_NAME)";
				SWIFT_EMIT_LOC_STRINGS = NO;
				SWIFT_VERSION = 5.0;
				TARGETED_DEVICE_FAMILY = "1,2";
				TEST_TARGET_NAME = TodoList;
			};
			name = Debug;
		};
		181A78D42BA4C05800CBCA08 /* Release */ = {
			isa = XCBuildConfiguration;
			buildSettings = {
				ALWAYS_EMBED_SWIFT_STANDARD_LIBRARIES = YES;
				CODE_SIGN_STYLE = Automatic;
				CURRENT_PROJECT_VERSION = 1;
				DEVELOPMENT_TEAM = CGTLM6FMRJ;
				GENERATE_INFOPLIST_FILE = YES;
				MARKETING_VERSION = 1.0;
				PRODUCT_BUNDLE_IDENTIFIER = lucaslopes.TodoListUITests;
				PRODUCT_NAME = "$(TARGET_NAME)";
				SWIFT_EMIT_LOC_STRINGS = NO;
				SWIFT_VERSION = 5.0;
				TARGETED_DEVICE_FAMILY = "1,2";
				TEST_TARGET_NAME = TodoList;
			};
			name = Release;
		};
/* End XCBuildConfiguration section */

/* Begin XCConfigurationList section */
		181A78A32BA4C05300CBCA08 /* Build configuration list for PBXProject "TodoList" */ = {
			isa = XCConfigurationList;
			buildConfigurations = (
				181A78CA2BA4C05800CBCA08 /* Debug */,
				181A78CB2BA4C05800CBCA08 /* Release */,
			);
			defaultConfigurationIsVisible = 0;
			defaultConfigurationName = Release;
		};
		181A78CC2BA4C05800CBCA08 /* Build configuration list for PBXNativeTarget "TodoList" */ = {
			isa = XCConfigurationList;
			buildConfigurations = (
				181A78CD2BA4C05800CBCA08 /* Debug */,
				181A78CE2BA4C05800CBCA08 /* Release */,
			);
			defaultConfigurationIsVisible = 0;
			defaultConfigurationName = Release;
		};
		181A78CF2BA4C05800CBCA08 /* Build configuration list for PBXNativeTarget "TodoListTests" */ = {
			isa = XCConfigurationList;
			buildConfigurations = (
				181A78D02BA4C05800CBCA08 /* Debug */,
				181A78D12BA4C05800CBCA08 /* Release */,
			);
			defaultConfigurationIsVisible = 0;
			defaultConfigurationName = Release;
		};
		181A78D22BA4C05800CBCA08 /* Build configuration list for PBXNativeTarget "TodoListUITests" */ = {
			isa = XCConfigurationList;
			buildConfigurations = (
				181A78D32BA4C05800CBCA08 /* Debug */,
				181A78D42BA4C05800CBCA08 /* Release */,
			);
			defaultConfigurationIsVisible = 0;
			defaultConfigurationName = Release;
		};
/* End XCConfigurationList section */
	};
	rootObject = 181A78A02BA4C05300CBCA08 /* Project object */;
}
